
Microsoft Visual Studio Solution File, Format Version 12.00
# Visual Studio 15
VisualStudioVersion = 15.0.26124.0
MinimumVisualStudioVersion = 15.0.26124.0
Project("{FAE04EC0-301F-11D3-BF4B-00C04F79EFBC}") = "Mytime.Distribution.Domain", "Mytime.Distribution.Domain\Mytime.Distribution.Domain.csproj", "{2778D5A9-683D-4017-AF0C-3B9166D01197}"
EndProject
Project("{FAE04EC0-301F-11D3-BF4B-00C04F79EFBC}") = "Mytime.Distribution.Domain.Shared", "Mytime.Distribution.Domain.Shared\Mytime.Distribution.Domain.Shared.csproj", "{07A56F85-464B-4374-8596-E328C2A4B0B5}"
EndProject
Project("{FAE04EC0-301F-11D3-BF4B-00C04F79EFBC}") = "Mytime.Distribution", "Mytime.Distribution\Mytime.Distribution.csproj", "{686B3029-EEFF-4E58-B6EB-6F80559D45E8}"
EndProject
Project("{FAE04EC0-301F-11D3-BF4B-00C04F79EFBC}") = "Mytime.Distribution.EFCore", "Mytime.Distribution.EFCore\Mytime.Distribution.EFCore.csproj", "{D2087615-725E-423A-96CD-A0A4DAFC042B}"
EndProject
Project("{FAE04EC0-301F-11D3-BF4B-00C04F79EFBC}") = "Mytime.Distribution.Test", "Mytime.Distribution.Test\Mytime.Distribution.Test.csproj", "{2D863144-5F8F-4C75-AB63-599C040615C9}"
EndProject
Project("{FAE04EC0-301F-11D3-BF4B-00C04F79EFBC}") = "Mytime.Distribution.EFCore.Migrations", "Mytime.Distribution.EFCore.Migrations\Mytime.Distribution.EFCore.Migrations.csproj", "{CC64C77D-1158-420E-BAB7-1F583E47F1D5}"
EndProject
Global
	GlobalSection(SolutionConfigurationPlatforms) = preSolution
		Debug|Any CPU = Debug|Any CPU
		Debug|x64 = Debug|x64
		Debug|x86 = Debug|x86
		Release|Any CPU = Release|Any CPU
		Release|x64 = Release|x64
		Release|x86 = Release|x86
	EndGlobalSection
	GlobalSection(SolutionProperties) = preSolution
		HideSolutionNode = FALSE
	EndGlobalSection
	GlobalSection(ProjectConfigurationPlatforms) = postSolution
		{2778D5A9-683D-4017-AF0C-3B9166D01197}.Debug|Any CPU.ActiveCfg = Debug|Any CPU
		{2778D5A9-683D-4017-AF0C-3B9166D01197}.Debug|Any CPU.Build.0 = Debug|Any CPU
		{2778D5A9-683D-4017-AF0C-3B9166D01197}.Debug|x64.ActiveCfg = Debug|Any CPU
		{2778D5A9-683D-4017-AF0C-3B9166D01197}.Debug|x64.Build.0 = Debug|Any CPU
		{2778D5A9-683D-4017-AF0C-3B9166D01197}.Debug|x86.ActiveCfg = Debug|Any CPU
		{2778D5A9-683D-4017-AF0C-3B9166D01197}.Debug|x86.Build.0 = Debug|Any CPU
		{2778D5A9-683D-4017-AF0C-3B9166D01197}.Release|Any CPU.ActiveCfg = Release|Any CPU
		{2778D5A9-683D-4017-AF0C-3B9166D01197}.Release|Any CPU.Build.0 = Release|Any CPU
		{2778D5A9-683D-4017-AF0C-3B9166D01197}.Release|x64.ActiveCfg = Release|Any CPU
		{2778D5A9-683D-4017-AF0C-3B9166D01197}.Release|x64.Build.0 = Release|Any CPU
		{2778D5A9-683D-4017-AF0C-3B9166D01197}.Release|x86.ActiveCfg = Release|Any CPU
		{2778D5A9-683D-4017-AF0C-3B9166D01197}.Release|x86.Build.0 = Release|Any CPU
		{07A56F85-464B-4374-8596-E328C2A4B0B5}.Debug|Any CPU.ActiveCfg = Debug|Any CPU
		{07A56F85-464B-4374-8596-E328C2A4B0B5}.Debug|Any CPU.Build.0 = Debug|Any CPU
		{07A56F85-464B-4374-8596-E328C2A4B0B5}.Debug|x64.ActiveCfg = Debug|Any CPU
		{07A56F85-464B-4374-8596-E328C2A4B0B5}.Debug|x64.Build.0 = Debug|Any CPU
		{07A56F85-464B-4374-8596-E328C2A4B0B5}.Debug|x86.ActiveCfg = Debug|Any CPU
		{07A56F85-464B-4374-8596-E328C2A4B0B5}.Debug|x86.Build.0 = Debug|Any CPU
		{07A56F85-464B-4374-8596-E328C2A4B0B5}.Release|Any CPU.ActiveCfg = Release|Any CPU
		{07A56F85-464B-4374-8596-E328C2A4B0B5}.Release|Any CPU.Build.0 = Release|Any CPU
		{07A56F85-464B-4374-8596-E328C2A4B0B5}.Release|x64.ActiveCfg = Release|Any CPU
		{07A56F85-464B-4374-8596-E328C2A4B0B5}.Release|x64.Build.0 = Release|Any CPU
		{07A56F85-464B-4374-8596-E328C2A4B0B5}.Release|x86.ActiveCfg = Release|Any CPU
		{07A56F85-464B-4374-8596-E328C2A4B0B5}.Release|x86.Build.0 = Release|Any CPU
		{686B3029-EEFF-4E58-B6EB-6F80559D45E8}.Debug|Any CPU.ActiveCfg = Debug|Any CPU
		{686B3029-EEFF-4E58-B6EB-6F80559D45E8}.Debug|Any CPU.Build.0 = Debug|Any CPU
		{686B3029-EEFF-4E58-B6EB-6F80559D45E8}.Debug|x64.ActiveCfg = Debug|Any CPU
		{686B3029-EEFF-4E58-B6EB-6F80559D45E8}.Debug|x64.Build.0 = Debug|Any CPU
		{686B3029-EEFF-4E58-B6EB-6F80559D45E8}.Debug|x86.ActiveCfg = Debug|Any CPU
		{686B3029-EEFF-4E58-B6EB-6F80559D45E8}.Debug|x86.Build.0 = Debug|Any CPU
		{686B3029-EEFF-4E58-B6EB-6F80559D45E8}.Release|Any CPU.ActiveCfg = Release|Any CPU
		{686B3029-EEFF-4E58-B6EB-6F80559D45E8}.Release|Any CPU.Build.0 = Release|Any CPU
		{686B3029-EEFF-4E58-B6EB-6F80559D45E8}.Release|x64.ActiveCfg = Release|Any CPU
		{686B3029-EEFF-4E58-B6EB-6F80559D45E8}.Release|x64.Build.0 = Release|Any CPU
		{686B3029-EEFF-4E58-B6EB-6F80559D45E8}.Release|x86.ActiveCfg = Release|Any CPU
		{686B3029-EEFF-4E58-B6EB-6F80559D45E8}.Release|x86.Build.0 = Release|Any CPU
		{D2087615-725E-423A-96CD-A0A4DAFC042B}.Debug|Any CPU.ActiveCfg = Debug|Any CPU
		{D2087615-725E-423A-96CD-A0A4DAFC042B}.Debug|Any CPU.Build.0 = Debug|Any CPU
		{D2087615-725E-423A-96CD-A0A4DAFC042B}.Debug|x64.ActiveCfg = Debug|Any CPU
		{D2087615-725E-423A-96CD-A0A4DAFC042B}.Debug|x64.Build.0 = Debug|Any CPU
		{D2087615-725E-423A-96CD-A0A4DAFC042B}.Debug|x86.ActiveCfg = Debug|Any CPU
		{D2087615-725E-423A-96CD-A0A4DAFC042B}.Debug|x86.Build.0 = Debug|Any CPU
		{D2087615-725E-423A-96CD-A0A4DAFC042B}.Release|Any CPU.ActiveCfg = Release|Any CPU
		{D2087615-725E-423A-96CD-A0A4DAFC042B}.Release|Any CPU.Build.0 = Release|Any CPU
		{D2087615-725E-423A-96CD-A0A4DAFC042B}.Release|x64.ActiveCfg = Release|Any CPU
		{D2087615-725E-423A-96CD-A0A4DAFC042B}.Release|x64.Build.0 = Release|Any CPU
		{D2087615-725E-423A-96CD-A0A4DAFC042B}.Release|x86.ActiveCfg = Release|Any CPU
		{D2087615-725E-423A-96CD-A0A4DAFC042B}.Release|x86.Build.0 = Release|Any CPU
		{2D863144-5F8F-4C75-AB63-599C040615C9}.Debug|Any CPU.ActiveCfg = Debug|Any CPU
		{2D863144-5F8F-4C75-AB63-599C040615C9}.Debug|Any CPU.Build.0 = Debug|Any CPU
		{2D863144-5F8F-4C75-AB63-599C040615C9}.Debug|x64.ActiveCfg = Debug|Any CPU
		{2D863144-5F8F-4C75-AB63-599C040615C9}.Debug|x64.Build.0 = Debug|Any CPU
		{2D863144-5F8F-4C75-AB63-599C040615C9}.Debug|x86.ActiveCfg = Debug|Any CPU
		{2D863144-5F8F-4C75-AB63-599C040615C9}.Debug|x86.Build.0 = Debug|Any CPU
		{2D863144-5F8F-4C75-AB63-599C040615C9}.Release|Any CPU.ActiveCfg = Release|Any CPU
		{2D863144-5F8F-4C75-AB63-599C040615C9}.Release|Any CPU.Build.0 = Release|Any CPU
		{2D863144-5F8F-4C75-AB63-599C040615C9}.Release|x64.ActiveCfg = Release|Any CPU
		{2D863144-5F8F-4C75-AB63-599C040615C9}.Release|x64.Build.0 = Release|Any CPU
		{2D863144-5F8F-4C75-AB63-599C040615C9}.Release|x86.ActiveCfg = Release|Any CPU
		{2D863144-5F8F-4C75-AB63-599C040615C9}.Release|x86.Build.0 = Release|Any CPU
		{CC64C77D-1158-420E-BAB7-1F583E47F1D5}.Debug|Any CPU.ActiveCfg = Debug|Any CPU
		{CC64C77D-1158-420E-BAB7-1F583E47F1D5}.Debug|Any CPU.Build.0 = Debug|Any CPU
		{CC64C77D-1158-420E-BAB7-1F583E47F1D5}.Debug|x64.ActiveCfg = Debug|Any CPU
		{CC64C77D-1158-420E-BAB7-1F583E47F1D5}.Debug|x64.Build.0 = Debug|Any CPU
		{CC64C77D-1158-420E-BAB7-1F583E47F1D5}.Debug|x86.ActiveCfg = Debug|Any CPU
		{CC64C77D-1158-420E-BAB7-1F583E47F1D5}.Debug|x86.Build.0 = Debug|Any CPU
		{CC64C77D-1158-420E-BAB7-1F583E47F1D5}.Release|Any CPU.ActiveCfg = Release|Any CPU
		{CC64C77D-1158-420E-BAB7-1F583E47F1D5}.Release|Any CPU.Build.0 = Release|Any CPU
		{CC64C77D-1158-420E-BAB7-1F583E47F1D5}.Release|x64.ActiveCfg = Release|Any CPU
		{CC64C77D-1158-420E-BAB7-1F583E47F1D5}.Release|x64.Build.0 = Release|Any CPU
		{CC64C77D-1158-420E-BAB7-1F583E47F1D5}.Release|x86.ActiveCfg = Release|Any CPU
		{CC64C77D-1158-420E-BAB7-1F583E47F1D5}.Release|x86.Build.0 = Release|Any CPU
	EndGlobalSection
EndGlobal
